// !$*UTF8*$!
{
	archiveVersion = 1;
	classes = {
	};
	objectVersion = 46;
	objects = {

/* Begin PBXBuildFile section */
		F3BD0F881C07DCFA006B1C96 /* ysfixedfontrenderer.cpp in Sources */ = {isa = PBXBuildFile; fileRef = F3BD0F821C07DCFA006B1C96 /* ysfixedfontrenderer.cpp */; };
		F3BD0F891C07DCFA006B1C96 /* ysfontrenderer.cpp in Sources */ = {isa = PBXBuildFile; fileRef = F3BD0F841C07DCFA006B1C96 /* ysfontrenderer.cpp */; };
		F3BD0F8A1C07DCFA006B1C96 /* yssystemfontrenderer.cpp in Sources */ = {isa = PBXBuildFile; fileRef = F3BD0F861C07DCFA006B1C96 /* yssystemfontrenderer.cpp */; };
		F3BD0FA31C07DD23006B1C96 /* libysbitmap.a in Frameworks */ = {isa = PBXBuildFile; fileRef = F3BD0F991C07DD19006B1C96 /* libysbitmap.a */; };
		F3BD0FA41C07DD23006B1C96 /* libysbitmapfont.a in Frameworks */ = {isa = PBXBuildFile; fileRef = F3BD0F9C1C07DD19006B1C96 /* libysbitmapfont.a */; };
		F3BD0FA51C07DD23006B1C96 /* libysclass.a in Frameworks */ = {isa = PBXBuildFile; fileRef = F3BD0F9F1C07DD19006B1C96 /* libysclass.a */; };
		F3BD0FA61C07DD23006B1C96 /* libyssystemfont.a in Frameworks */ = {isa = PBXBuildFile; fileRef = F3BD0FA21C07DD19006B1C96 /* libyssystemfont.a */; };
		F3BD0FA71C07DD32006B1C96 /* ysfixedfontrenderer.h in CopyFiles */ = {isa = PBXBuildFile; fileRef = F3BD0F831C07DCFA006B1C96 /* ysfixedfontrenderer.h */; };
		F3BD0FA81C07DD32006B1C96 /* ysfontrenderer.h in CopyFiles */ = {isa = PBXBuildFile; fileRef = F3BD0F851C07DCFA006B1C96 /* ysfontrenderer.h */; };
		F3BD0FA91C07DD32006B1C96 /* yssystemfontrenderer.h in CopyFiles */ = {isa = PBXBuildFile; fileRef = F3BD0F871C07DCFA006B1C96 /* yssystemfontrenderer.h */; };
/* End PBXBuildFile section */

/* Begin PBXContainerItemProxy section */
		F3BD0F981C07DD19006B1C96 /* PBXContainerItemProxy */ = {
			isa = PBXContainerItemProxy;
			containerPortal = F3BD0F8B1C07DD19006B1C96 /* ysbitmap.xcodeproj */;
			proxyType = 2;
			remoteGlobalIDString = F3BD0F321C07DB51006B1C96;
			remoteInfo = ysbitmap;
		};
		F3BD0F9B1C07DD19006B1C96 /* PBXContainerItemProxy */ = {
			isa = PBXContainerItemProxy;
			containerPortal = F3BD0F8E1C07DD19006B1C96 /* ysbitmapfont.xcodeproj */;
			proxyType = 2;
			remoteGlobalIDString = F3B243D01C03F993002B652F;
			remoteInfo = ysbitmapfont;
		};
		F3BD0F9E1C07DD19006B1C96 /* PBXContainerItemProxy */ = {
			isa = PBXContainerItemProxy;
			containerPortal = F3BD0F911C07DD19006B1C96 /* ysclass.xcodeproj */;
			proxyType = 2;
			remoteGlobalIDString = F35B507B1C02CECF004E6B0A;
			remoteInfo = ysclass;
		};
		F3BD0FA11C07DD19006B1C96 /* PBXContainerItemProxy */ = {
			isa = PBXContainerItemProxy;
			containerPortal = F3BD0F941C07DD19006B1C96 /* yssystemfont.xcodeproj */;
			proxyType = 2;
			remoteGlobalIDString = F3BD0C271C053143006B1C96;
			remoteInfo = yssystemfont;
		};
/* End PBXContainerItemProxy section */

/* Begin PBXCopyFilesBuildPhase section */
		F3BD0F741C07DCA8006B1C96 /* CopyFiles */ = {
			isa = PBXCopyFilesBuildPhase;
			buildActionMask = 2147483647;
			dstPath = include;
			dstSubfolderSpec = 16;
			files = (
				F3BD0FA71C07DD32006B1C96 /* ysfixedfontrenderer.h in CopyFiles */,
				F3BD0FA81C07DD32006B1C96 /* ysfontrenderer.h in CopyFiles */,
				F3BD0FA91C07DD32006B1C96 /* yssystemfontrenderer.h in CopyFiles */,
			);
			runOnlyForDeploymentPostprocessing = 0;
		};
/* End PBXCopyFilesBuildPhase section */

/* Begin PBXFileReference section */
		F3BD0F761C07DCA8006B1C96 /* libysfontrenderer.a */ = {isa = PBXFileReference; explicitFileType = archive.ar; includeInIndex = 0; path = libysfontrenderer.a; sourceTree = BUILT_PRODUCTS_DIR; };
		F3BD0F821C07DCFA006B1C96 /* ysfixedfontrenderer.cpp */ = {isa = PBXFileReference; fileEncoding = 4; lastKnownFileType = sourcecode.cpp.cpp; name = ysfixedfontrenderer.cpp; path = ../src/ysfontrenderer/src/ysfixedfontrenderer.cpp; sourceTree = "<group>"; };
		F3BD0F831C07DCFA006B1C96 /* ysfixedfontrenderer.h */ = {isa = PBXFileReference; fileEncoding = 4; lastKnownFileType = sourcecode.c.h; name = ysfixedfontrenderer.h; path = ../src/ysfontrenderer/src/ysfixedfontrenderer.h; sourceTree = "<group>"; };
		F3BD0F841C07DCFA006B1C96 /* ysfontrenderer.cpp */ = {isa = PBXFileReference; fileEncoding = 4; lastKnownFileType = sourcecode.cpp.cpp; name = ysfontrenderer.cpp; path = ../src/ysfontrenderer/src/ysfontrenderer.cpp; sourceTree = "<group>"; };
		F3BD0F851C07DCFA006B1C96 /* ysfontrenderer.h */ = {isa = PBXFileReference; fileEncoding = 4; lastKnownFileType = sourcecode.c.h; name = ysfontrenderer.h; path = ../src/ysfontrenderer/src/ysfontrenderer.h; sourceTree = "<group>"; };
		F3BD0F861C07DCFA006B1C96 /* yssystemfontrenderer.cpp */ = {isa = PBXFileReference; fileEncoding = 4; lastKnownFileType = sourcecode.cpp.cpp; name = yssystemfontrenderer.cpp; path = ../src/ysfontrenderer/src/yssystemfontrenderer.cpp; sourceTree = "<group>"; };
		F3BD0F871C07DCFA006B1C96 /* yssystemfontrenderer.h */ = {isa = PBXFileReference; fileEncoding = 4; lastKnownFileType = sourcecode.c.h; name = yssystemfontrenderer.h; path = ../src/ysfontrenderer/src/yssystemfontrenderer.h; sourceTree = "<group>"; };
		F3BD0F8B1C07DD19006B1C96 /* ysbitmap.xcodeproj */ = {isa = PBXFileReference; lastKnownFileType = "wrapper.pb-project"; path = ysbitmap.xcodeproj; sourceTree = "<group>"; };
		F3BD0F8E1C07DD19006B1C96 /* ysbitmapfont.xcodeproj */ = {isa = PBXFileReference; lastKnownFileType = "wrapper.pb-project"; path = ysbitmapfont.xcodeproj; sourceTree = "<group>"; };
		F3BD0F911C07DD19006B1C96 /* ysclass.xcodeproj */ = {isa = PBXFileReference; lastKnownFileType = "wrapper.pb-project"; path = ysclass.xcodeproj; sourceTree = "<group>"; };
		F3BD0F941C07DD19006B1C96 /* yssystemfont.xcodeproj */ = {isa = PBXFileReference; lastKnownFileType = "wrapper.pb-project"; path = yssystemfont.xcodeproj; sourceTree = "<group>"; };
/* End PBXFileReference section */

/* Begin PBXFrameworksBuildPhase section */
		F3BD0F731C07DCA8006B1C96 /* Frameworks */ = {
			isa = PBXFrameworksBuildPhase;
			buildActionMask = 2147483647;
			files = (
				F3BD0FA31C07DD23006B1C96 /* libysbitmap.a in Frameworks */,
				F3BD0FA41C07DD23006B1C96 /* libysbitmapfont.a in Frameworks */,
				F3BD0FA51C07DD23006B1C96 /* libysclass.a in Frameworks */,
				F3BD0FA61C07DD23006B1C96 /* libyssystemfont.a in Frameworks */,
			);
			runOnlyForDeploymentPostprocessing = 0;
		};
/* End PBXFrameworksBuildPhase section */

/* Begin PBXGroup section */
		F3BD0F6D1C07DCA8006B1C96 = {
			isa = PBXGroup;
			children = (
				F3BD0F8B1C07DD19006B1C96 /* ysbitmap.xcodeproj */,
				F3BD0F8E1C07DD19006B1C96 /* ysbitmapfont.xcodeproj */,
				F3BD0F911C07DD19006B1C96 /* ysclass.xcodeproj */,
				F3BD0F941C07DD19006B1C96 /* yssystemfont.xcodeproj */,
				F3BD0F821C07DCFA006B1C96 /* ysfixedfontrenderer.cpp */,
				F3BD0F831C07DCFA006B1C96 /* ysfixedfontrenderer.h */,
				F3BD0F841C07DCFA006B1C96 /* ysfontrenderer.cpp */,
				F3BD0F851C07DCFA006B1C96 /* ysfontrenderer.h */,
				F3BD0F861C07DCFA006B1C96 /* yssystemfontrenderer.cpp */,
				F3BD0F871C07DCFA006B1C96 /* yssystemfontrenderer.h */,
				F3BD0F781C07DCA8006B1C96 /* ysfontrenderer */,
				F3BD0F771C07DCA8006B1C96 /* Products */,
			);
			sourceTree = "<group>";
		};
		F3BD0F771C07DCA8006B1C96 /* Products */ = {
			isa = PBXGroup;
			children = (
				F3BD0F761C07DCA8006B1C96 /* libysfontrenderer.a */,
			);
			name = Products;
			sourceTree = "<group>";
		};
		F3BD0F781C07DCA8006B1C96 /* ysfontrenderer */ = {
			isa = PBXGroup;
			children = (
			);
			path = ysfontrenderer;
			sourceTree = "<group>";
		};
		F3BD0F8C1C07DD19006B1C96 /* Products */ = {
			isa = PBXGroup;
			children = (
				F3BD0F991C07DD19006B1C96 /* libysbitmap.a */,
			);
			name = Products;
			sourceTree = "<group>";
		};
		F3BD0F8F1C07DD19006B1C96 /* Products */ = {
			isa = PBXGroup;
			children = (
				F3BD0F9C1C07DD19006B1C96 /* libysbitmapfont.a */,
			);
			name = Products;
			sourceTree = "<group>";
		};
		F3BD0F921C07DD19006B1C96 /* Products */ = {
			isa = PBXGroup;
			children = (
				F3BD0F9F1C07DD19006B1C96 /* libysclass.a */,
			);
			name = Products;
			sourceTree = "<group>";
		};
		F3BD0F951C07DD19006B1C96 /* Products */ = {
			isa = PBXGroup;
			children = (
				F3BD0FA21C07DD19006B1C96 /* libyssystemfont.a */,
			);
			name = Products;
			sourceTree = "<group>";
		};
/* End PBXGroup section */

/* Begin PBXNativeTarget section */
		F3BD0F751C07DCA8006B1C96 /* ysfontrenderer */ = {
			isa = PBXNativeTarget;
			buildConfigurationList = F3BD0F7F1C07DCA8006B1C96 /* Build configuration list for PBXNativeTarget "ysfontrenderer" */;
			buildPhases = (
				F3BD0F721C07DCA8006B1C96 /* Sources */,
				F3BD0F731C07DCA8006B1C96 /* Frameworks */,
				F3BD0F741C07DCA8006B1C96 /* CopyFiles */,
			);
			buildRules = (
			);
			dependencies = (
			);
			name = ysfontrenderer;
			productName = ysfontrenderer;
			productReference = F3BD0F761C07DCA8006B1C96 /* libysfontrenderer.a */;
			productType = "com.apple.product-type.library.static";
		};
/* End PBXNativeTarget section */

/* Begin PBXProject section */
		F3BD0F6E1C07DCA8006B1C96 /* Project object */ = {
			isa = PBXProject;
			attributes = {
				LastUpgradeCheck = 0710;
				ORGANIZATIONNAME = ysflight.com;
				TargetAttributes = {
					F3BD0F751C07DCA8006B1C96 = {
						CreatedOnToolsVersion = 7.1.1;
					};
				};
			};
			buildConfigurationList = F3BD0F711C07DCA8006B1C96 /* Build configuration list for PBXProject "ysfontrenderer" */;
			compatibilityVersion = "Xcode 3.2";
			developmentRegion = English;
			hasScannedForEncodings = 0;
			knownRegions = (
				en,
			);
			mainGroup = F3BD0F6D1C07DCA8006B1C96;
			productRefGroup = F3BD0F771C07DCA8006B1C96 /* Products */;
			projectDirPath = "";
			projectReferences = (
				{
					ProductGroup = F3BD0F8C1C07DD19006B1C96 /* Products */;
					ProjectRef = F3BD0F8B1C07DD19006B1C96 /* ysbitmap.xcodeproj */;
				},
				{
					ProductGroup = F3BD0F8F1C07DD19006B1C96 /* Products */;
					ProjectRef = F3BD0F8E1C07DD19006B1C96 /* ysbitmapfont.xcodeproj */;
				},
				{
					ProductGroup = F3BD0F921C07DD19006B1C96 /* Products */;
					ProjectRef = F3BD0F911C07DD19006B1C96 /* ysclass.xcodeproj */;
				},
				{
					ProductGroup = F3BD0F951C07DD19006B1C96 /* Products */;
					ProjectRef = F3BD0F941C07DD19006B1C96 /* yssystemfont.xcodeproj */;
				},
			);
			projectRoot = "";
			targets = (
				F3BD0F751C07DCA8006B1C96 /* ysfontrenderer */,
			);
		};
/* End PBXProject section */

/* Begin PBXReferenceProxy section */
		F3BD0F991C07DD19006B1C96 /* libysbitmap.a */ = {
			isa = PBXReferenceProxy;
			fileType = archive.ar;
			path = libysbitmap.a;
			remoteRef = F3BD0F981C07DD19006B1C96 /* PBXContainerItemProxy */;
			sourceTree = BUILT_PRODUCTS_DIR;
		};
		F3BD0F9C1C07DD19006B1C96 /* libysbitmapfont.a */ = {
			isa = PBXReferenceProxy;
			fileType = archive.ar;
			path = libysbitmapfont.a;
			remoteRef = F3BD0F9B1C07DD19006B1C96 /* PBXContainerItemProxy */;
			sourceTree = BUILT_PRODUCTS_DIR;
		};
		F3BD0F9F1C07DD19006B1C96 /* libysclass.a */ = {
			isa = PBXReferenceProxy;
			fileType = archive.ar;
			path = libysclass.a;
			remoteRef = F3BD0F9E1C07DD19006B1C96 /* PBXContainerItemProxy */;
			sourceTree = BUILT_PRODUCTS_DIR;
		};
		F3BD0FA21C07DD19006B1C96 /* libyssystemfont.a */ = {
			isa = PBXReferenceProxy;
			fileType = archive.ar;
			path = libyssystemfont.a;
			remoteRef = F3BD0FA11C07DD19006B1C96 /* PBXContainerItemProxy */;
			sourceTree = BUILT_PRODUCTS_DIR;
		};
/* End PBXReferenceProxy section */

/* Begin PBXSourcesBuildPhase section */
		F3BD0F721C07DCA8006B1C96 /* Sources */ = {
			isa = PBXSourcesBuildPhase;
			buildActionMask = 2147483647;
			files = (
				F3BD0F881C07DCFA006B1C96 /* ysfixedfontrenderer.cpp in Sources */,
				F3BD0F8A1C07DCFA006B1C96 /* yssystemfontrenderer.cpp in Sources */,
				F3BD0F891C07DCFA006B1C96 /* ysfontrenderer.cpp in Sources */,
			);
			runOnlyForDeploymentPostprocessing = 0;
		};
/* End PBXSourcesBuildPhase section */

/* Begin XCBuildConfiguration section */
		F3BD0F7D1C07DCA8006B1C96 /* Debug */ = {
			isa = XCBuildConfiguration;
			buildSettings = {
				ALWAYS_SEARCH_USER_PATHS = NO;
				CLANG_CXX_LANGUAGE_STANDARD = "gnu++0x";
				CLANG_CXX_LIBRARY = "libc++";
				CLANG_ENABLE_MODULES = YES;
				CLANG_ENABLE_OBJC_ARC = YES;
				CLANG_WARN_BOOL_CONVERSION = YES;
				CLANG_WARN_CONSTANT_CONVERSION = YES;
				CLANG_WARN_DIRECT_OBJC_ISA_USAGE = YES_ERROR;
				CLANG_WARN_EMPTY_BODY = YES;
				CLANG_WARN_ENUM_CONVERSION = YES;
				CLANG_WARN_INT_CONVERSION = YES;
				CLANG_WARN_OBJC_ROOT_CLASS = YES_ERROR;
				CLANG_WARN_UNREACHABLE_CODE = YES;
				CLANG_WARN__DUPLICATE_METHOD_MATCH = YES;
				"CODE_SIGN_IDENTITY[sdk=iphoneos*]" = "iPhone Developer";
				COPY_PHASE_STRIP = NO;
				DEBUG_INFORMATION_FORMAT = dwarf;
				ENABLE_STRICT_OBJC_MSGSEND = YES;
				ENABLE_TESTABILITY = YES;
				GCC_C_LANGUAGE_STANDARD = gnu99;
				GCC_DYNAMIC_NO_PIC = NO;
				GCC_NO_COMMON_BLOCKS = YES;
				GCC_OPTIMIZATION_LEVEL = 0;
				GCC_PREPROCESSOR_DEFINITIONS = (
					"DEBUG=1",
					"$(inherited)",
				);
				GCC_WARN_64_TO_32_BIT_CONVERSION = YES;
				GCC_WARN_ABOUT_RETURN_TYPE = YES_ERROR;
				GCC_WARN_UNDECLARED_SELECTOR = YES;
				GCC_WARN_UNINITIALIZED_AUTOS = YES_AGGRESSIVE;
				GCC_WARN_UNUSED_FUNCTION = YES;
				GCC_WARN_UNUSED_VARIABLE = YES;
				IPHONEOS_DEPLOYMENT_TARGET = 7.0;
				MTL_ENABLE_DEBUG_INFO = YES;
				ONLY_ACTIVE_ARCH = YES;
				SDKROOT = iphoneos;
			};
			name = Debug;
		};
		F3BD0F7E1C07DCA8006B1C96 /* Release */ = {
			isa = XCBuildConfiguration;
			buildSettings = {
				ALWAYS_SEARCH_USER_PATHS = NO;
				CLANG_CXX_LANGUAGE_STANDARD = "gnu++0x";
				CLANG_CXX_LIBRARY = "libc++";
				CLANG_ENABLE_MODULES = YES;
				CLANG_ENABLE_OBJC_ARC = YES;
				CLANG_WARN_BOOL_CONVERSION = YES;
				CLANG_WARN_CONSTANT_CONVERSION = YES;
				CLANG_WARN_DIRECT_OBJC_ISA_USAGE = YES_ERROR;
				CLANG_WARN_EMPTY_BODY = YES;
				CLANG_WARN_ENUM_CONVERSION = YES;
				CLANG_WARN_INT_CONVERSION = YES;
				CLANG_WARN_OBJC_ROOT_CLASS = YES_ERROR;
				CLANG_WARN_UNREACHABLE_CODE = YES;
				CLANG_WARN__DUPLICATE_METHOD_MATCH = YES;
				"CODE_SIGN_IDENTITY[sdk=iphoneos*]" = "iPhone Developer";
				COPY_PHASE_STRIP = NO;
				DEBUG_INFORMATION_FORMAT = "dwarf-with-dsym";
				ENABLE_NS_ASSERTIONS = NO;
				ENABLE_STRICT_OBJC_MSGSEND = YES;
				GCC_C_LANGUAGE_STANDARD = gnu99;
				GCC_NO_COMMON_BLOCKS = YES;
				GCC_WARN_64_TO_32_BIT_CONVERSION = YES;
				GCC_WARN_ABOUT_RETURN_TYPE = YES_ERROR;
				GCC_WARN_UNDECLARED_SELECTOR = YES;
				GCC_WARN_UNINITIALIZED_AUTOS = YES_AGGRESSIVE;
				GCC_WARN_UNUSED_FUNCTION = YES;
				GCC_WARN_UNUSED_VARIABLE = YES;
				IPHONEOS_DEPLOYMENT_TARGET = 7.0;
				MTL_ENABLE_DEBUG_INFO = NO;
				SDKROOT = iphoneos;
				VALIDATE_PRODUCT = YES;
			};
			name = Release;
		};
		F3BD0F801C07DCA8006B1C96 /* Debug */ = {
			isa = XCBuildConfiguration;
			buildSettings = {
				OTHER_LDFLAGS = "-ObjC";
				PRODUCT_NAME = "$(TARGET_NAME)";
				SKIP_INSTALL = YES;
			};
			name = Debug;
		};
		F3BD0F811C07DCA8006B1C96 /* Release */ = {
			isa = XCBuildConfiguration;
			buildSettings = {
				OTHER_LDFLAGS = "-ObjC";
				PRODUCT_NAME = "$(TARGET_NAME)";
				SKIP_INSTALL = YES;
			};
			name = Release;
		};
/* End XCBuildConfiguration section */

/* Begin XCConfigurationList section */
		F3BD0F711C07DCA8006B1C96 /* Build configuration list for PBXProject "ysfontrenderer" */ = {
			isa = XCConfigurationList;
			buildConfigurations = (
				F3BD0F7D1C07DCA8006B1C96 /* Debug */,
				F3BD0F7E1C07DCA8006B1C96 /* Release */,
			);
			defaultConfigurationIsVisible = 0;
			defaultConfigurationName = Release;
		};
		F3BD0F7F1C07DCA8006B1C96 /* Build configuration list for PBXNativeTarget "ysfontrenderer" */ = {
			isa = XCConfigurationList;
			buildConfigurations = (
				F3BD0F801C07DCA8006B1C96 /* Debug */,
				F3BD0F811C07DCA8006B1C96 /* Release */,
			);
			defaultConfigurationIsVisible = 0;
			defaultConfigurationName = Release;
		};
/* End XCConfigurationList section */
	};
	rootObject = F3BD0F6E1C07DCA8006B1C96 /* Project object */;
}
